
Microsoft Visual Studio Solution File, Format Version 12.00
# Visual Studio Version 17
VisualStudioVersion = 17.4.33103.184
MinimumVisualStudioVersion = 10.0.40219.1
Project("{9A19103F-16F7-4668-BE54-9A1E7A4F7556}") = "GnssTracker_Demo", "GnssTracker_Demo\GnssTracker_Demo.csproj", "{036BDC35-77A4-465E-986D-C55E3561F1DE}"
EndProject
Project("{2150E333-8FDC-42A3-9474-1A3956D46DE8}") = "_External", "_External", "{32A92B7C-9776-48EE-A2C4-9213B7E4FED3}"
EndProject
Project("{9A19103F-16F7-4668-BE54-9A1E7A4F7556}") = "GnssTracker", "GnssTracker\GnssTracker.csproj", "{0A4FBC32-409E-4D72-AB1F-E79DD3B397FF}"
EndProject
Project("{9A19103F-16F7-4668-BE54-9A1E7A4F7556}") = "Meadow.Foundation.Core", "..\..\Meadow.Foundation\Source\Meadow.Foundation.Core\Meadow.Foundation.Core.csproj", "{680B1206-3C52-4EA0-B583-747AF072A81E}"
EndProject
Project("{9A19103F-16F7-4668-BE54-9A1E7A4F7556}") = "Sensors.Atmospheric.Bme68x", "..\..\Meadow.Foundation\Source\Meadow.Foundation.Peripherals\Sensors.Atmospheric.Bme68x\Driver\Sensors.Atmospheric.Bme68x.csproj", "{7600E7E6-A63F-4D34-AC0C-238AA9B02EF6}"
EndProject
Project("{9A19103F-16F7-4668-BE54-9A1E7A4F7556}") = "Sensors.Gnss.NeoM8", "..\..\Meadow.Foundation\Source\Meadow.Foundation.Peripherals\Sensors.Gnss.NeoM8\Driver\Sensors.Gnss.NeoM8.csproj", "{3D12AF44-9056-44BD-B36C-3F3C20C73090}"
EndProject
Project("{9A19103F-16F7-4668-BE54-9A1E7A4F7556}") = "Meadow.F7", "..\..\Meadow.Core\source\implementations\f7\Meadow.F7\Meadow.F7.csproj", "{6AF8C781-B7BE-4B54-A85A-3184C563E6EA}"
EndProject
Project("{9A19103F-16F7-4668-BE54-9A1E7A4F7556}") = "Displays.ePaper", "..\..\Meadow.Foundation\Source\Meadow.Foundation.Peripherals\Displays.ePaper\Driver\Displays.ePaper.csproj", "{5AC3C120-131E-4762-AEB6-2F2CD0F23FC1}"
EndProject
Project("{9A19103F-16F7-4668-BE54-9A1E7A4F7556}") = "Meadow.Units", "..\..\Meadow.Units\Source\Meadow.Units\Meadow.Units.csproj", "{0F9EC772-4B72-4C3C-9FAF-A49936E296F7}"
EndProject
Project("{9A19103F-16F7-4668-BE54-9A1E7A4F7556}") = "Meadow.Logging", "..\..\Meadow.Logging\Source\Meadow.Logging\lib\Meadow.Logging.csproj", "{F27E8E94-8D88-4C0C-BD82-AA7FAE54E231}"
EndProject
Project("{9A19103F-16F7-4668-BE54-9A1E7A4F7556}") = "Meadow.Contracts", "..\..\Meadow.Contracts\Source\Meadow.Contracts\Meadow.Contracts.csproj", "{A71163E3-5A6A-4A8D-B148-F30E8F536846}"
EndProject
Project("{9A19103F-16F7-4668-BE54-9A1E7A4F7556}") = "Meadow.Core", "..\..\Meadow.Core\source\Meadow.Core\Meadow.Core.csproj", "{1D5F80C0-5E03-4857-8D20-F94648B268CC}"
EndProject
Project("{9A19103F-16F7-4668-BE54-9A1E7A4F7556}") = "MQTTnet", "..\..\MQTTnet\Source\MQTTnet\MQTTnet.csproj", "{C4269E10-1798-4E3A-BE0D-2F6A21589248}"
EndProject
Project("{9A19103F-16F7-4668-BE54-9A1E7A4F7556}") = "Graphics.MicroGraphics", "..\..\Meadow.Foundation\Source\Meadow.Foundation.Libraries_and_Frameworks\Graphics.MicroGraphics\Driver\Graphics.MicroGraphics.csproj", "{5B4B28DA-F8BB-4094-AD40-C5D47911CF46}"
EndProject
Project("{9A19103F-16F7-4668-BE54-9A1E7A4F7556}") = "Meadow.Modbus", "..\..\Meadow.Modbus\src\Meadow.Modbus\Meadow.Modbus.csproj", "{90D60F4D-E4DB-403B-AC92-A83BB125210A}"
EndProject
Project("{9A19103F-16F7-4668-BE54-9A1E7A4F7556}") = "Sensors.Location.Gnss.NmeaProcessor", "..\..\Meadow.Foundation\Source\Meadow.Foundation.Libraries_and_Frameworks\Sensors.Location.Gnss.NmeaProcessor\Driver\Sensors.Location.Gnss.NmeaProcessor.csproj", "{23FCEB8D-BB44-402D-A4C0-8E00432443BA}"
EndProject
Project("{2150E333-8FDC-42A3-9474-1A3956D46DE8}") = "AdditionalSamples", "AdditionalSamples", "{ACC86F2A-3B1A-4E21-A156-0CE930148B91}"
EndProject
Project("{9A19103F-16F7-4668-BE54-9A1E7A4F7556}") = "GnssTracker_SQLite_Demo", "Additional Samples\GnssTracker_SQLite_Demo\GnssTracker_SQLite_Demo.csproj", "{0106A830-D574-4231-9537-44A564A67FB0}"
EndProject
Project("{9A19103F-16F7-4668-BE54-9A1E7A4F7556}") = "Graphics.MicroLayout", "..\..\Meadow.Foundation\Source\Meadow.Foundation.Libraries_and_Frameworks\Graphics.MicroLayout\Driver\Graphics.MicroLayout.csproj", "{C9B049A8-9212-41A3-AB1C-70EA287B1ED3}"
EndProject
Project("{9A19103F-16F7-4668-BE54-9A1E7A4F7556}") = "Sensors.Motion.Bmi270", "..\..\Meadow.Foundation\Source\Meadow.Foundation.Peripherals\Sensors.Motion.Bmi270\Driver\Sensors.Motion.Bmi270.csproj", "{4435C961-D95E-4856-9CD9-6AE6909B4046}"
EndProject
Project("{9A19103F-16F7-4668-BE54-9A1E7A4F7556}") = "Sensors.Environmental.Scd4x", "..\..\Meadow.Foundation\Source\Meadow.Foundation.Peripherals\Sensors.Environmental.Scd4x\Driver\Sensors.Environmental.Scd4x.csproj", "{CA9A2726-EB1F-401A-9BB8-CEAE39C0531E}"
EndProject
Global
	GlobalSection(SolutionConfigurationPlatforms) = preSolution
		Debug|Any CPU = Debug|Any CPU
		Release|Any CPU = Release|Any CPU
	EndGlobalSection
	GlobalSection(ProjectConfigurationPlatforms) = postSolution
		{036BDC35-77A4-465E-986D-C55E3561F1DE}.Debug|Any CPU.ActiveCfg = Debug|Any CPU
		{036BDC35-77A4-465E-986D-C55E3561F1DE}.Debug|Any CPU.Build.0 = Debug|Any CPU
		{036BDC35-77A4-465E-986D-C55E3561F1DE}.Release|Any CPU.ActiveCfg = Release|Any CPU
		{036BDC35-77A4-465E-986D-C55E3561F1DE}.Release|Any CPU.Build.0 = Release|Any CPU
		{0A4FBC32-409E-4D72-AB1F-E79DD3B397FF}.Debug|Any CPU.ActiveCfg = Debug|Any CPU
		{0A4FBC32-409E-4D72-AB1F-E79DD3B397FF}.Debug|Any CPU.Build.0 = Debug|Any CPU
		{0A4FBC32-409E-4D72-AB1F-E79DD3B397FF}.Release|Any CPU.ActiveCfg = Release|Any CPU
		{0A4FBC32-409E-4D72-AB1F-E79DD3B397FF}.Release|Any CPU.Build.0 = Release|Any CPU
		{680B1206-3C52-4EA0-B583-747AF072A81E}.Debug|Any CPU.ActiveCfg = Debug|Any CPU
		{680B1206-3C52-4EA0-B583-747AF072A81E}.Debug|Any CPU.Build.0 = Debug|Any CPU
		{680B1206-3C52-4EA0-B583-747AF072A81E}.Debug|Any CPU.Deploy.0 = Debug|Any CPU
		{680B1206-3C52-4EA0-B583-747AF072A81E}.Release|Any CPU.ActiveCfg = Release|Any CPU
		{680B1206-3C52-4EA0-B583-747AF072A81E}.Release|Any CPU.Build.0 = Release|Any CPU
		{680B1206-3C52-4EA0-B583-747AF072A81E}.Release|Any CPU.Deploy.0 = Release|Any CPU
		{7600E7E6-A63F-4D34-AC0C-238AA9B02EF6}.Debug|Any CPU.ActiveCfg = Debug|Any CPU
		{7600E7E6-A63F-4D34-AC0C-238AA9B02EF6}.Debug|Any CPU.Build.0 = Debug|Any CPU
		{7600E7E6-A63F-4D34-AC0C-238AA9B02EF6}.Debug|Any CPU.Deploy.0 = Debug|Any CPU
		{7600E7E6-A63F-4D34-AC0C-238AA9B02EF6}.Release|Any CPU.ActiveCfg = Release|Any CPU
		{7600E7E6-A63F-4D34-AC0C-238AA9B02EF6}.Release|Any CPU.Build.0 = Release|Any CPU
		{7600E7E6-A63F-4D34-AC0C-238AA9B02EF6}.Release|Any CPU.Deploy.0 = Release|Any CPU
		{3D12AF44-9056-44BD-B36C-3F3C20C73090}.Debug|Any CPU.ActiveCfg = Debug|Any CPU
		{3D12AF44-9056-44BD-B36C-3F3C20C73090}.Debug|Any CPU.Build.0 = Debug|Any CPU
		{3D12AF44-9056-44BD-B36C-3F3C20C73090}.Debug|Any CPU.Deploy.0 = Debug|Any CPU
		{3D12AF44-9056-44BD-B36C-3F3C20C73090}.Release|Any CPU.ActiveCfg = Release|Any CPU
		{3D12AF44-9056-44BD-B36C-3F3C20C73090}.Release|Any CPU.Build.0 = Release|Any CPU
		{3D12AF44-9056-44BD-B36C-3F3C20C73090}.Release|Any CPU.Deploy.0 = Release|Any CPU
		{6AF8C781-B7BE-4B54-A85A-3184C563E6EA}.Debug|Any CPU.ActiveCfg = Debug|Any CPU
		{6AF8C781-B7BE-4B54-A85A-3184C563E6EA}.Debug|Any CPU.Build.0 = Debug|Any CPU
		{6AF8C781-B7BE-4B54-A85A-3184C563E6EA}.Debug|Any CPU.Deploy.0 = Debug|Any CPU
		{6AF8C781-B7BE-4B54-A85A-3184C563E6EA}.Release|Any CPU.ActiveCfg = Release|Any CPU
		{6AF8C781-B7BE-4B54-A85A-3184C563E6EA}.Release|Any CPU.Build.0 = Release|Any CPU
		{6AF8C781-B7BE-4B54-A85A-3184C563E6EA}.Release|Any CPU.Deploy.0 = Release|Any CPU
		{5AC3C120-131E-4762-AEB6-2F2CD0F23FC1}.Debug|Any CPU.ActiveCfg = Debug|Any CPU
		{5AC3C120-131E-4762-AEB6-2F2CD0F23FC1}.Debug|Any CPU.Build.0 = Debug|Any CPU
		{5AC3C120-131E-4762-AEB6-2F2CD0F23FC1}.Debug|Any CPU.Deploy.0 = Debug|Any CPU
		{5AC3C120-131E-4762-AEB6-2F2CD0F23FC1}.Release|Any CPU.ActiveCfg = Release|Any CPU
		{5AC3C120-131E-4762-AEB6-2F2CD0F23FC1}.Release|Any CPU.Build.0 = Release|Any CPU
		{5AC3C120-131E-4762-AEB6-2F2CD0F23FC1}.Release|Any CPU.Deploy.0 = Release|Any CPU
		{0F9EC772-4B72-4C3C-9FAF-A49936E296F7}.Debug|Any CPU.ActiveCfg = Debug|Any CPU
		{0F9EC772-4B72-4C3C-9FAF-A49936E296F7}.Debug|Any CPU.Build.0 = Debug|Any CPU
		{0F9EC772-4B72-4C3C-9FAF-A49936E296F7}.Debug|Any CPU.Deploy.0 = Debug|Any CPU
		{0F9EC772-4B72-4C3C-9FAF-A49936E296F7}.Release|Any CPU.ActiveCfg = Release|Any CPU
		{0F9EC772-4B72-4C3C-9FAF-A49936E296F7}.Release|Any CPU.Build.0 = Release|Any CPU
		{0F9EC772-4B72-4C3C-9FAF-A49936E296F7}.Release|Any CPU.Deploy.0 = Release|Any CPU
		{F27E8E94-8D88-4C0C-BD82-AA7FAE54E231}.Debug|Any CPU.ActiveCfg = Debug|Any CPU
		{F27E8E94-8D88-4C0C-BD82-AA7FAE54E231}.Debug|Any CPU.Build.0 = Debug|Any CPU
		{F27E8E94-8D88-4C0C-BD82-AA7FAE54E231}.Release|Any CPU.ActiveCfg = Release|Any CPU
		{F27E8E94-8D88-4C0C-BD82-AA7FAE54E231}.Release|Any CPU.Build.0 = Release|Any CPU
		{A71163E3-5A6A-4A8D-B148-F30E8F536846}.Debug|Any CPU.ActiveCfg = Debug|Any CPU
		{A71163E3-5A6A-4A8D-B148-F30E8F536846}.Debug|Any CPU.Build.0 = Debug|Any CPU
		{A71163E3-5A6A-4A8D-B148-F30E8F536846}.Debug|Any CPU.Deploy.0 = Debug|Any CPU
		{A71163E3-5A6A-4A8D-B148-F30E8F536846}.Release|Any CPU.ActiveCfg = Release|Any CPU
		{A71163E3-5A6A-4A8D-B148-F30E8F536846}.Release|Any CPU.Build.0 = Release|Any CPU
		{A71163E3-5A6A-4A8D-B148-F30E8F536846}.Release|Any CPU.Deploy.0 = Release|Any CPU
		{1D5F80C0-5E03-4857-8D20-F94648B268CC}.Debug|Any CPU.ActiveCfg = Debug|Any CPU
		{1D5F80C0-5E03-4857-8D20-F94648B268CC}.Debug|Any CPU.Build.0 = Debug|Any CPU
		{1D5F80C0-5E03-4857-8D20-F94648B268CC}.Debug|Any CPU.Deploy.0 = Debug|Any CPU
		{1D5F80C0-5E03-4857-8D20-F94648B268CC}.Release|Any CPU.ActiveCfg = Release|Any CPU
		{1D5F80C0-5E03-4857-8D20-F94648B268CC}.Release|Any CPU.Build.0 = Release|Any CPU
		{1D5F80C0-5E03-4857-8D20-F94648B268CC}.Release|Any CPU.Deploy.0 = Release|Any CPU
		{C4269E10-1798-4E3A-BE0D-2F6A21589248}.Debug|Any CPU.ActiveCfg = Debug|Any CPU
		{C4269E10-1798-4E3A-BE0D-2F6A21589248}.Debug|Any CPU.Build.0 = Debug|Any CPU
		{C4269E10-1798-4E3A-BE0D-2F6A21589248}.Release|Any CPU.ActiveCfg = Release|Any CPU
		{C4269E10-1798-4E3A-BE0D-2F6A21589248}.Release|Any CPU.Build.0 = Release|Any CPU
		{5B4B28DA-F8BB-4094-AD40-C5D47911CF46}.Debug|Any CPU.ActiveCfg = Debug|Any CPU
		{5B4B28DA-F8BB-4094-AD40-C5D47911CF46}.Debug|Any CPU.Build.0 = Debug|Any CPU
		{5B4B28DA-F8BB-4094-AD40-C5D47911CF46}.Debug|Any CPU.Deploy.0 = Debug|Any CPU
		{5B4B28DA-F8BB-4094-AD40-C5D47911CF46}.Release|Any CPU.ActiveCfg = Release|Any CPU
		{5B4B28DA-F8BB-4094-AD40-C5D47911CF46}.Release|Any CPU.Build.0 = Release|Any CPU
		{5B4B28DA-F8BB-4094-AD40-C5D47911CF46}.Release|Any CPU.Deploy.0 = Release|Any CPU
		{90D60F4D-E4DB-403B-AC92-A83BB125210A}.Debug|Any CPU.ActiveCfg = Debug|Any CPU
		{90D60F4D-E4DB-403B-AC92-A83BB125210A}.Debug|Any CPU.Build.0 = Debug|Any CPU
		{90D60F4D-E4DB-403B-AC92-A83BB125210A}.Release|Any CPU.ActiveCfg = Release|Any CPU
		{90D60F4D-E4DB-403B-AC92-A83BB125210A}.Release|Any CPU.Build.0 = Release|Any CPU
		{23FCEB8D-BB44-402D-A4C0-8E00432443BA}.Debug|Any CPU.ActiveCfg = Debug|Any CPU
		{23FCEB8D-BB44-402D-A4C0-8E00432443BA}.Debug|Any CPU.Build.0 = Debug|Any CPU
		{23FCEB8D-BB44-402D-A4C0-8E00432443BA}.Debug|Any CPU.Deploy.0 = Debug|Any CPU
		{23FCEB8D-BB44-402D-A4C0-8E00432443BA}.Release|Any CPU.ActiveCfg = Release|Any CPU
		{23FCEB8D-BB44-402D-A4C0-8E00432443BA}.Release|Any CPU.Build.0 = Release|Any CPU
		{23FCEB8D-BB44-402D-A4C0-8E00432443BA}.Release|Any CPU.Deploy.0 = Release|Any CPU
		{0106A830-D574-4231-9537-44A564A67FB0}.Debug|Any CPU.ActiveCfg = Debug|Any CPU
		{0106A830-D574-4231-9537-44A564A67FB0}.Debug|Any CPU.Build.0 = Debug|Any CPU
		{0106A830-D574-4231-9537-44A564A67FB0}.Debug|Any CPU.Deploy.0 = Debug|Any CPU
		{0106A830-D574-4231-9537-44A564A67FB0}.Release|Any CPU.ActiveCfg = Release|Any CPU
		{0106A830-D574-4231-9537-44A564A67FB0}.Release|Any CPU.Build.0 = Release|Any CPU
		{0106A830-D574-4231-9537-44A564A67FB0}.Release|Any CPU.Deploy.0 = Release|Any CPU
		{C9B049A8-9212-41A3-AB1C-70EA287B1ED3}.Debug|Any CPU.ActiveCfg = Debug|Any CPU
		{C9B049A8-9212-41A3-AB1C-70EA287B1ED3}.Debug|Any CPU.Build.0 = Debug|Any CPU
		{C9B049A8-9212-41A3-AB1C-70EA287B1ED3}.Release|Any CPU.ActiveCfg = Release|Any CPU
		{C9B049A8-9212-41A3-AB1C-70EA287B1ED3}.Release|Any CPU.Build.0 = Release|Any CPU
		{4435C961-D95E-4856-9CD9-6AE6909B4046}.Debug|Any CPU.ActiveCfg = Debug|Any CPU
		{4435C961-D95E-4856-9CD9-6AE6909B4046}.Debug|Any CPU.Build.0 = Debug|Any CPU
		{4435C961-D95E-4856-9CD9-6AE6909B4046}.Debug|Any CPU.Deploy.0 = Debug|Any CPU
		{4435C961-D95E-4856-9CD9-6AE6909B4046}.Release|Any CPU.ActiveCfg = Release|Any CPU
		{4435C961-D95E-4856-9CD9-6AE6909B4046}.Release|Any CPU.Build.0 = Release|Any CPU
		{4435C961-D95E-4856-9CD9-6AE6909B4046}.Release|Any CPU.Deploy.0 = Release|Any CPU
		{CA9A2726-EB1F-401A-9BB8-CEAE39C0531E}.Debug|Any CPU.ActiveCfg = Debug|Any CPU
		{CA9A2726-EB1F-401A-9BB8-CEAE39C0531E}.Debug|Any CPU.Build.0 = Debug|Any CPU
		{CA9A2726-EB1F-401A-9BB8-CEAE39C0531E}.Debug|Any CPU.Deploy.0 = Debug|Any CPU
		{CA9A2726-EB1F-401A-9BB8-CEAE39C0531E}.Release|Any CPU.ActiveCfg = Release|Any CPU
		{CA9A2726-EB1F-401A-9BB8-CEAE39C0531E}.Release|Any CPU.Build.0 = Release|Any CPU
		{CA9A2726-EB1F-401A-9BB8-CEAE39C0531E}.Release|Any CPU.Deploy.0 = Release|Any CPU
	EndGlobalSection
	GlobalSection(SolutionProperties) = preSolution
		HideSolutionNode = FALSE
	EndGlobalSection
	GlobalSection(NestedProjects) = preSolution
		{680B1206-3C52-4EA0-B583-747AF072A81E} = {32A92B7C-9776-48EE-A2C4-9213B7E4FED3}
		{7600E7E6-A63F-4D34-AC0C-238AA9B02EF6} = {32A92B7C-9776-48EE-A2C4-9213B7E4FED3}
		{3D12AF44-9056-44BD-B36C-3F3C20C73090} = {32A92B7C-9776-48EE-A2C4-9213B7E4FED3}
		{6AF8C781-B7BE-4B54-A85A-3184C563E6EA} = {32A92B7C-9776-48EE-A2C4-9213B7E4FED3}
		{5AC3C120-131E-4762-AEB6-2F2CD0F23FC1} = {32A92B7C-9776-48EE-A2C4-9213B7E4FED3}
		{0F9EC772-4B72-4C3C-9FAF-A49936E296F7} = {32A92B7C-9776-48EE-A2C4-9213B7E4FED3}
		{F27E8E94-8D88-4C0C-BD82-AA7FAE54E231} = {32A92B7C-9776-48EE-A2C4-9213B7E4FED3}
		{A71163E3-5A6A-4A8D-B148-F30E8F536846} = {32A92B7C-9776-48EE-A2C4-9213B7E4FED3}
		{1D5F80C0-5E03-4857-8D20-F94648B268CC} = {32A92B7C-9776-48EE-A2C4-9213B7E4FED3}
		{C4269E10-1798-4E3A-BE0D-2F6A21589248} = {32A92B7C-9776-48EE-A2C4-9213B7E4FED3}
		{5B4B28DA-F8BB-4094-AD40-C5D47911CF46} = {32A92B7C-9776-48EE-A2C4-9213B7E4FED3}
		{90D60F4D-E4DB-403B-AC92-A83BB125210A} = {32A92B7C-9776-48EE-A2C4-9213B7E4FED3}
		{23FCEB8D-BB44-402D-A4C0-8E00432443BA} = {32A92B7C-9776-48EE-A2C4-9213B7E4FED3}
		{0106A830-D574-4231-9537-44A564A67FB0} = {ACC86F2A-3B1A-4E21-A156-0CE930148B91}
		{C9B049A8-9212-41A3-AB1C-70EA287B1ED3} = {32A92B7C-9776-48EE-A2C4-9213B7E4FED3}
		{4435C961-D95E-4856-9CD9-6AE6909B4046} = {32A92B7C-9776-48EE-A2C4-9213B7E4FED3}
		{CA9A2726-EB1F-401A-9BB8-CEAE39C0531E} = {32A92B7C-9776-48EE-A2C4-9213B7E4FED3}
	EndGlobalSection
	GlobalSection(ExtensibilityGlobals) = postSolution
		SolutionGuid = {0F0B7DD0-BD16-4CB0-B369-5649BDD66664}
	EndGlobalSection
EndGlobal
